
Microsoft Visual Studio Solution File, Format Version 12.00
# Visual Studio Version 17
VisualStudioVersion = 17.9.34728.123
MinimumVisualStudioVersion = 10.0.40219.1
Project("{FAE04EC0-301F-11D3-BF4B-00C04F79EFBC}") = "10_DatabaseCrud", "10_DatabaseCrud\10_DatabaseCrud.csproj", "{3AAF4B61-D145-4857-BB95-206E2D4DFABB}"
EndProject
Global
	GlobalSection(SolutionConfigurationPlatforms) = preSolution
		Debug|Any CPU = Debug|Any CPU
		Release|Any CPU = Release|Any CPU
	EndGlobalSection
	GlobalSection(ProjectConfigurationPlatforms) = postSolution
		{3AAF4B61-D145-4857-BB95-206E2D4DFABB}.Debug|Any CPU.ActiveCfg = Debug|Any CPU
		{3AAF4B61-D145-4857-BB95-206E2D4DFABB}.Debug|Any CPU.Build.0 = Debug|Any CPU
		{3AAF4B61-D145-4857-BB95-206E2D4DFABB}.Release|Any CPU.ActiveCfg = Release|Any CPU
		{3AAF4B61-D145-4857-BB95-206E2D4DFABB}.Release|Any CPU.Build.0 = Release|Any CPU
	EndGlobalSection
	GlobalSection(SolutionProperties) = preSolution
		HideSolutionNode = FALSE
	EndGlobalSection
	GlobalSection(ExtensibilityGlobals) = postSolution
		SolutionGuid = {804CD01E-ECFC-471E-A2D1-1768DD3A4E68}
	EndGlobalSection
EndGlobal
